
Microsoft Visual Studio Solution File, Format Version 12.00
# Visual Studio 14
VisualStudioVersion = 14.0.24720.0
MinimumVisualStudioVersion = 10.0.40219.1
Project("{FAE04EC0-301F-11D3-BF4B-00C04F79EFBC}") = "LesGamblers.Data", "LesGamblers.Data\LesGamblers.Data.csproj", "{F3F31EEF-3CF2-4B7D-801E-FF7715A9AFA7}"
EndProject
Project("{FAE04EC0-301F-11D3-BF4B-00C04F79EFBC}") = "LesGamblers.Web", "LesGamblers.Web\LesGamblers.Web.csproj", "{6EB24126-4577-4C17-BD5A-443A411B1AA2}"
EndProject
Project("{FAE04EC0-301F-11D3-BF4B-00C04F79EFBC}") = "LesGamblers.Services", "LesGamblers.Services\LesGamblers.Services.csproj", "{9B7E0DD9-6E98-4C32-9300-1EA0FA0EBAA6}"
EndProject
Project("{FAE04EC0-301F-11D3-BF4B-00C04F79EFBC}") = "LesGamblers.Models", "LesGamblers.Models\LesGamblers.Models.csproj", "{D379F462-1333-4046-8AEB-8D1F7DBF62EE}"
EndProject
Project("{FAE04EC0-301F-11D3-BF4B-00C04F79EFBC}") = "Crawler", "Crawler\Crawler.csproj", "{5DB2BA31-F7FB-453E-97DE-F54184651545}"
EndProject
Project("{FAE04EC0-301F-11D3-BF4B-00C04F79EFBC}") = "LesGamblers.Common", "LesGamblers.Common\LesGamblers.Common.csproj", "{BA06356D-A437-4070-84D0-344272C10AD9}"
EndProject
Global
	GlobalSection(SolutionConfigurationPlatforms) = preSolution
		Debug|Any CPU = Debug|Any CPU
		Release|Any CPU = Release|Any CPU
	EndGlobalSection
	GlobalSection(ProjectConfigurationPlatforms) = postSolution
		{F3F31EEF-3CF2-4B7D-801E-FF7715A9AFA7}.Debug|Any CPU.ActiveCfg = Debug|Any CPU
		{F3F31EEF-3CF2-4B7D-801E-FF7715A9AFA7}.Debug|Any CPU.Build.0 = Debug|Any CPU
		{F3F31EEF-3CF2-4B7D-801E-FF7715A9AFA7}.Release|Any CPU.ActiveCfg = Release|Any CPU
		{F3F31EEF-3CF2-4B7D-801E-FF7715A9AFA7}.Release|Any CPU.Build.0 = Release|Any CPU
		{6EB24126-4577-4C17-BD5A-443A411B1AA2}.Debug|Any CPU.ActiveCfg = Debug|Any CPU
		{6EB24126-4577-4C17-BD5A-443A411B1AA2}.Debug|Any CPU.Build.0 = Debug|Any CPU
		{6EB24126-4577-4C17-BD5A-443A411B1AA2}.Release|Any CPU.ActiveCfg = Release|Any CPU
		{6EB24126-4577-4C17-BD5A-443A411B1AA2}.Release|Any CPU.Build.0 = Release|Any CPU
		{9B7E0DD9-6E98-4C32-9300-1EA0FA0EBAA6}.Debug|Any CPU.ActiveCfg = Debug|Any CPU
		{9B7E0DD9-6E98-4C32-9300-1EA0FA0EBAA6}.Debug|Any CPU.Build.0 = Debug|Any CPU
		{9B7E0DD9-6E98-4C32-9300-1EA0FA0EBAA6}.Release|Any CPU.ActiveCfg = Release|Any CPU
		{9B7E0DD9-6E98-4C32-9300-1EA0FA0EBAA6}.Release|Any CPU.Build.0 = Release|Any CPU
		{D379F462-1333-4046-8AEB-8D1F7DBF62EE}.Debug|Any CPU.ActiveCfg = Debug|Any CPU
		{D379F462-1333-4046-8AEB-8D1F7DBF62EE}.Debug|Any CPU.Build.0 = Debug|Any CPU
		{D379F462-1333-4046-8AEB-8D1F7DBF62EE}.Release|Any CPU.ActiveCfg = Release|Any CPU
		{D379F462-1333-4046-8AEB-8D1F7DBF62EE}.Release|Any CPU.Build.0 = Release|Any CPU
		{5DB2BA31-F7FB-453E-97DE-F54184651545}.Debug|Any CPU.ActiveCfg = Debug|Any CPU
		{5DB2BA31-F7FB-453E-97DE-F54184651545}.Debug|Any CPU.Build.0 = Debug|Any CPU
		{5DB2BA31-F7FB-453E-97DE-F54184651545}.Release|Any CPU.ActiveCfg = Release|Any CPU
		{5DB2BA31-F7FB-453E-97DE-F54184651545}.Release|Any CPU.Build.0 = Release|Any CPU
		{BA06356D-A437-4070-84D0-344272C10AD9}.Debug|Any CPU.ActiveCfg = Debug|Any CPU
		{BA06356D-A437-4070-84D0-344272C10AD9}.Debug|Any CPU.Build.0 = Debug|Any CPU
		{BA06356D-A437-4070-84D0-344272C10AD9}.Release|Any CPU.ActiveCfg = Release|Any CPU
		{BA06356D-A437-4070-84D0-344272C10AD9}.Release|Any CPU.Build.0 = Release|Any CPU
	EndGlobalSection
	GlobalSection(SolutionProperties) = preSolution
		HideSolutionNode = FALSE
	EndGlobalSection
EndGlobal
